
Microsoft Visual Studio Solution File, Format Version 12.00
# Visual Studio Version 16
VisualStudioVersion = 16.0.31911.196
MinimumVisualStudioVersion = 10.0.40219.1
Project("{9A19103F-16F7-4668-BE54-9A1E7A4F7556}") = "FhirBlaze.SharedComponents", "FhirBlaze.SharedComponents\FhirBlaze.SharedComponents.csproj", "{847F6791-43EF-4EA7-B5D0-ADA4BBB5E5E5}"
EndProject
Project("{9A19103F-16F7-4668-BE54-9A1E7A4F7556}") = "FhirBlaze.PatientModule", "FhirBlaze.PatientModule\FhirBlaze.PatientModule.csproj", "{A3503D1F-E268-4DDE-BD7F-4C963DA5D355}"
EndProject
Project("{9A19103F-16F7-4668-BE54-9A1E7A4F7556}") = "FhirBlaze", "FhirBlaze\FhirBlaze.csproj", "{729AF617-9067-4A91-AFD1-F0157846CF33}"
EndProject
Project("{9A19103F-16F7-4668-BE54-9A1E7A4F7556}") = "FhirBlaze.QuestionnaireModule", "FhirBlaze.QuestionnaireModule\FhirBlaze.QuestionnaireModule.csproj", "{110D5695-5D70-4828-8F54-230E22A758FC}"
EndProject
Project("{9A19103F-16F7-4668-BE54-9A1E7A4F7556}") = "Tests", "Tests\Tests.csproj", "{0CCD3BF6-CA29-4997-AD85-A42FAFAF452E}"
EndProject
Project("{9A19103F-16F7-4668-BE54-9A1E7A4F7556}") = "FhirBlaze.PractitionerModule", "FhirBlaze.PractitionerModule\FhirBlaze.PractitionerModule.csproj", "{C48D11F5-F4C3-495D-AD69-7C570E080AA8}"
EndProject
Project("{FAE04EC0-301F-11D3-BF4B-00C04F79EFBC}") = "FhirBlaze.MedicationModule", "FhirBlaze.MedicationModule\FhirBlaze.MedicationModule.csproj", "{D84F20A1-E2B9-4170-A10B-319622B4D4B2}"
EndProject
Global
	GlobalSection(SolutionConfigurationPlatforms) = preSolution
		Debug|Any CPU = Debug|Any CPU
		Release|Any CPU = Release|Any CPU
	EndGlobalSection
	GlobalSection(ProjectConfigurationPlatforms) = postSolution
		{847F6791-43EF-4EA7-B5D0-ADA4BBB5E5E5}.Debug|Any CPU.ActiveCfg = Debug|Any CPU
		{847F6791-43EF-4EA7-B5D0-ADA4BBB5E5E5}.Debug|Any CPU.Build.0 = Debug|Any CPU
		{847F6791-43EF-4EA7-B5D0-ADA4BBB5E5E5}.Release|Any CPU.ActiveCfg = Release|Any CPU
		{847F6791-43EF-4EA7-B5D0-ADA4BBB5E5E5}.Release|Any CPU.Build.0 = Release|Any CPU
		{A3503D1F-E268-4DDE-BD7F-4C963DA5D355}.Debug|Any CPU.ActiveCfg = Debug|Any CPU
		{A3503D1F-E268-4DDE-BD7F-4C963DA5D355}.Debug|Any CPU.Build.0 = Debug|Any CPU
		{A3503D1F-E268-4DDE-BD7F-4C963DA5D355}.Release|Any CPU.ActiveCfg = Release|Any CPU
		{A3503D1F-E268-4DDE-BD7F-4C963DA5D355}.Release|Any CPU.Build.0 = Release|Any CPU
		{729AF617-9067-4A91-AFD1-F0157846CF33}.Debug|Any CPU.ActiveCfg = Debug|Any CPU
		{729AF617-9067-4A91-AFD1-F0157846CF33}.Debug|Any CPU.Build.0 = Debug|Any CPU
		{729AF617-9067-4A91-AFD1-F0157846CF33}.Release|Any CPU.ActiveCfg = Release|Any CPU
		{729AF617-9067-4A91-AFD1-F0157846CF33}.Release|Any CPU.Build.0 = Release|Any CPU
		{110D5695-5D70-4828-8F54-230E22A758FC}.Debug|Any CPU.ActiveCfg = Debug|Any CPU
		{110D5695-5D70-4828-8F54-230E22A758FC}.Debug|Any CPU.Build.0 = Debug|Any CPU
		{110D5695-5D70-4828-8F54-230E22A758FC}.Release|Any CPU.ActiveCfg = Release|Any CPU
		{110D5695-5D70-4828-8F54-230E22A758FC}.Release|Any CPU.Build.0 = Release|Any CPU
		{0CCD3BF6-CA29-4997-AD85-A42FAFAF452E}.Debug|Any CPU.ActiveCfg = Debug|Any CPU
		{0CCD3BF6-CA29-4997-AD85-A42FAFAF452E}.Debug|Any CPU.Build.0 = Debug|Any CPU
		{0CCD3BF6-CA29-4997-AD85-A42FAFAF452E}.Release|Any CPU.ActiveCfg = Release|Any CPU
		{0CCD3BF6-CA29-4997-AD85-A42FAFAF452E}.Release|Any CPU.Build.0 = Release|Any CPU
		{C48D11F5-F4C3-495D-AD69-7C570E080AA8}.Debug|Any CPU.ActiveCfg = Debug|Any CPU
		{C48D11F5-F4C3-495D-AD69-7C570E080AA8}.Debug|Any CPU.Build.0 = Debug|Any CPU
		{C48D11F5-F4C3-495D-AD69-7C570E080AA8}.Release|Any CPU.ActiveCfg = Release|Any CPU
		{C48D11F5-F4C3-495D-AD69-7C570E080AA8}.Release|Any CPU.Build.0 = Release|Any CPU
		{D84F20A1-E2B9-4170-A10B-319622B4D4B2}.Debug|Any CPU.ActiveCfg = Debug|Any CPU
		{D84F20A1-E2B9-4170-A10B-319622B4D4B2}.Debug|Any CPU.Build.0 = Debug|Any CPU
		{D84F20A1-E2B9-4170-A10B-319622B4D4B2}.Release|Any CPU.ActiveCfg = Release|Any CPU
		{D84F20A1-E2B9-4170-A10B-319622B4D4B2}.Release|Any CPU.Build.0 = Release|Any CPU
	EndGlobalSection
	GlobalSection(SolutionProperties) = preSolution
		HideSolutionNode = FALSE
	EndGlobalSection
	GlobalSection(ExtensibilityGlobals) = postSolution
		SolutionGuid = {C4588E55-32DD-4159-BEF5-F3DF626D48C0}
	EndGlobalSection
EndGlobal
